[[package]]
name = "attrs"
version = "22.1.0"
description = "Classes Without Boilerplate"
category = "main"
optional = false
python-versions = ">=3.5"

[package.extras]
dev = ["coverage[toml] (>=5.0.2)", "hypothesis", "pympler", "pytest (>=4.3.0)", "mypy (>=0.900,!=0.940)", "pytest-mypy-plugins", "zope.interface", "furo", "sphinx", "sphinx-notfound-page", "pre-commit", "cloudpickle"]
docs = ["furo", "sphinx", "zope.interface", "sphinx-notfound-page"]
tests = ["coverage[toml] (>=5.0.2)", "hypothesis", "pympler", "pytest (>=4.3.0)", "mypy (>=0.900,!=0.940)", "pytest-mypy-plugins", "zope.interface", "cloudpickle"]
tests_no_zope = ["coverage[toml] (>=5.0.2)", "hypothesis", "pympler", "pytest (>=4.3.0)", "mypy (>=0.900,!=0.940)", "pytest-mypy-plugins", "cloudpickle"]

[[package]]
name = "babel"
version = "2.10.3"
description = "Internationalization utilities"
category = "main"
optional = false
python-versions = ">=3.6"

[package.dependencies]
pytz = ">=2015.7"

[[package]]
name = "beancount"
version = "2.3.5"
description = "Command-line Double-Entry Accounting"
category = "main"
optional = false
python-versions = ">=3.6"

[package.dependencies]
beautifulsoup4 = "*"
bottle = "*"
chardet = "*"
google-api-python-client = "*"
lxml = "*"
ply = "*"
pytest = "*"
python-dateutil = "*"
python-magic = {version = ">=0.4.12", markers = "sys_platform != \"win32\""}
requests = "*"

[[package]]
name = "beautifulsoup4"
version = "4.11.1"
description = "Screen-scraping library"
category = "main"
optional = false
python-versions = ">=3.6.0"

[package.dependencies]
soupsieve = ">1.2"

[package.extras]
html5lib = ["html5lib"]
lxml = ["lxml"]

[[package]]
name = "bottle"
version = "0.12.23"
description = "Fast and simple WSGI-framework for small web-applications."
category = "main"
optional = false
python-versions = "*"

[[package]]
name = "cachetools"
version = "5.2.0"
description = "Extensible memoizing collections and decorators"
category = "main"
optional = false
python-versions = "~=3.7"

[[package]]
name = "certifi"
version = "2022.6.15.1"
description = "Python package for providing Mozilla's CA Bundle."
category = "main"
optional = false
python-versions = ">=3.6"

[[package]]
name = "chardet"
version = "5.0.0"
description = "Universal encoding detector for Python 3"
category = "main"
optional = false
python-versions = ">=3.6"

[[package]]
name = "charset-normalizer"
version = "2.1.1"
description = "The Real First Universal Charset Detector. Open, modern and actively maintained alternative to Chardet."
category = "main"
optional = false
python-versions = ">=3.6.0"

[package.extras]
unicode_backport = ["unicodedata2"]

[[package]]
name = "cheroot"
version = "8.6.0"
description = "Highly-optimized, pure-python HTTP server"
category = "main"
optional = false
python-versions = "!=3.0.*,!=3.1.*,!=3.2.*,!=3.3.*,>=2.7"

[package.dependencies]
"jaraco.functools" = "*"
more-itertools = {version = ">=2.6", markers = "python_version >= \"3.6\""}
six = ">=1.11.0"

[package.extras]
docs = ["sphinx (>=1.8.2)", "jaraco.packaging (>=3.2)", "sphinx-tabs (>=1.1.0)", "furo", "python-dateutil", "sphinxcontrib-apidoc (>=0.3.0)"]

[[package]]
name = "click"
version = "8.1.3"
description = "Composable command line interface toolkit"
category = "main"
optional = false
python-versions = ">=3.7"

[package.dependencies]
colorama = {version = "*", markers = "platform_system == \"Windows\""}

[[package]]
name = "colorama"
version = "0.4.5"
description = "Cross-platform colored terminal text."
category = "main"
optional = false
python-versions = ">=2.7, !=3.0.*, !=3.1.*, !=3.2.*, !=3.3.*, !=3.4.*"

[[package]]
name = "fava"
version = "1.22.2.dev1+g8801668e"
description = "Web interface for the accounting tool Beancount."
category = "main"
optional = false
python-versions = ">=3.6"
develop = false

[package.dependencies]
Babel = ">=2.7,<3"
beancount = ">=2.3.0,<3"
cheroot = ">=8,<9"
click = ">=7,<9"
Flask = ">=2,<3"
Flask-Babel = ">=1,<3"
Jinja2 = ">=3,<4"
markdown2 = ">=2.3.0,<3"
ply = "*"
simplejson = ">=3.16.0,<4"
Werkzeug = ">=1"

[package.extras]
excel = ["pyexcel (>=0.2.2)", "pyexcel-ods3 (>=0.1.1)", "pyexcel-xls (>=0.1.0)", "pyexcel-xlsx (>=0.1.0)"]

[package.source]
type = "git"
url = "https://github.com/rougeth/fava.git"
reference = "main"
resolved_reference = "8801668e544211a53d6a0d3dd715b397994a9052"

[[package]]
name = "flask"
version = "2.2.2"
description = "A simple framework for building complex web applications."
category = "main"
optional = false
python-versions = ">=3.7"

[package.dependencies]
click = ">=8.0"
itsdangerous = ">=2.0"
Jinja2 = ">=3.0"
Werkzeug = ">=2.2.2"

[package.extras]
async = ["asgiref (>=3.2)"]
dotenv = ["python-dotenv"]

[[package]]
name = "flask-babel"
version = "2.0.0"
description = "Adds i18n/l10n support to Flask applications"
category = "main"
optional = false
python-versions = "*"

[package.dependencies]
Babel = ">=2.3"
Flask = "*"
Jinja2 = ">=2.5"
pytz = "*"

[package.extras]
dev = ["pytest", "pytest-mock", "bumpversion", "ghp-import", "sphinx", "pallets-sphinx-themes"]

[[package]]
name = "google-api-core"
version = "2.10.0"
description = "Google API client core library"
category = "main"
optional = false
python-versions = ">=3.7"

[package.dependencies]
google-auth = ">=1.25.0,<3.0dev"
googleapis-common-protos = ">=1.56.2,<2.0dev"
protobuf = ">=3.20.1,<5.0.0dev"
requests = ">=2.18.0,<3.0.0dev"

[package.extras]
grpc = ["grpcio (>=1.33.2,<2.0dev)", "grpcio-status (>=1.33.2,<2.0dev)"]
grpcgcp = ["grpcio-gcp (>=0.2.2,<1.0dev)"]
grpcio-gcp = ["grpcio-gcp (>=0.2.2,<1.0dev)"]

[[package]]
name = "google-api-python-client"
version = "2.60.0"
description = "Google API Client Library for Python"
category = "main"
optional = false
python-versions = ">=3.7"

[package.dependencies]
google-api-core = ">=1.31.5,<2.0.0 || >2.3.0,<3.0.0dev"
google-auth = ">=1.19.0,<3.0.0dev"
google-auth-httplib2 = ">=0.1.0"
httplib2 = ">=0.15.0,<1dev"
uritemplate = ">=3.0.1,<5"

[[package]]
name = "google-auth"
version = "2.11.0"
description = "Google Authentication Library"
category = "main"
optional = false
python-versions = ">=2.7,!=3.0.*,!=3.1.*,!=3.2.*,!=3.3.*,!=3.4.*,!=3.5.*"

[package.dependencies]
cachetools = ">=2.0.0,<6.0"
pyasn1-modules = ">=0.2.1"
rsa = {version = ">=3.1.4,<5", markers = "python_version >= \"3.6\""}
six = ">=1.9.0"

[package.extras]
aiohttp = ["requests (>=2.20.0,<3.0.0dev)", "aiohttp (>=3.6.2,<4.0.0dev)"]
enterprise_cert = ["cryptography (==36.0.2)", "pyopenssl (==22.0.0)"]
pyopenssl = ["pyopenssl (>=20.0.0)"]
reauth = ["pyu2f (>=0.1.5)"]

[[package]]
name = "google-auth-httplib2"
version = "0.1.0"
description = "Google Authentication Library: httplib2 transport"
category = "main"
optional = false
python-versions = "*"

[package.dependencies]
google-auth = "*"
httplib2 = ">=0.15.0"
six = "*"

[[package]]
name = "googleapis-common-protos"
version = "1.56.4"
description = "Common protobufs used in Google APIs"
category = "main"
optional = false
python-versions = ">=3.7"

[package.dependencies]
protobuf = ">=3.15.0,<5.0.0dev"

[package.extras]
grpc = ["grpcio (>=1.0.0,<2.0.0dev)"]

[[package]]
name = "httplib2"
version = "0.20.4"
description = "A comprehensive HTTP client library."
category = "main"
optional = false
python-versions = ">=2.7, !=3.0.*, !=3.1.*, !=3.2.*, !=3.3.*"

[package.dependencies]
pyparsing = {version = ">=2.4.2,<3.0.0 || >3.0.0,<3.0.1 || >3.0.1,<3.0.2 || >3.0.2,<3.0.3 || >3.0.3,<4", markers = "python_version > \"3.0\""}

[[package]]
name = "idna"
version = "3.3"
description = "Internationalized Domain Names in Applications (IDNA)"
category = "main"
optional = false
python-versions = ">=3.5"

[[package]]
name = "iniconfig"
version = "1.1.1"
description = "iniconfig: brain-dead simple config-ini parsing"
category = "main"
optional = false
python-versions = "*"

[[package]]
name = "itsdangerous"
version = "2.1.2"
description = "Safely pass data to untrusted environments and back."
category = "main"
optional = false
python-versions = ">=3.7"

[[package]]
name = "jaraco.functools"
version = "3.5.1"
description = "Functools like those found in stdlib"
category = "main"
optional = false
python-versions = ">=3.7"

[package.dependencies]
more-itertools = "*"

[package.extras]
docs = ["sphinx", "jaraco.packaging (>=9)", "rst.linker (>=1.9)", "jaraco.tidelift (>=1.4)"]
testing = ["pytest (>=6)", "pytest-checkdocs (>=2.4)", "pytest-flake8", "pytest-cov", "pytest-enabler (>=1.3)", "jaraco.classes", "pytest-black (>=0.3.7)", "pytest-mypy (>=0.9.1)"]

[[package]]
name = "jinja2"
version = "3.1.2"
description = "A very fast and expressive template engine."
category = "main"
optional = false
python-versions = ">=3.7"

[package.dependencies]
MarkupSafe = ">=2.0"

[package.extras]
i18n = ["Babel (>=2.7)"]

[[package]]
name = "lxml"
version = "4.9.1"
description = "Powerful and Pythonic XML processing library combining libxml2/libxslt with the ElementTree API."
category = "main"
optional = false
python-versions = ">=2.7, !=3.0.*, !=3.1.*, !=3.2.*, !=3.3.*, != 3.4.*"

[package.extras]
cssselect = ["cssselect (>=0.7)"]
html5 = ["html5lib"]
htmlsoup = ["beautifulsoup4"]
source = ["Cython (>=0.29.7)"]

[[package]]
name = "markdown2"
version = "2.4.3"
description = "A fast and complete Python implementation of Markdown"
category = "main"
optional = false
python-versions = ">=3.5, <4"

[[package]]
name = "markupsafe"
version = "2.1.1"
description = "Safely add untrusted strings to HTML/XML markup."
category = "main"
optional = false
python-versions = ">=3.7"

[[package]]
name = "more-itertools"
version = "8.14.0"
description = "More routines for operating on iterables, beyond itertools"
category = "main"
optional = false
python-versions = ">=3.5"

[[package]]
name = "packaging"
version = "21.3"
description = "Core utilities for Python packages"
category = "main"
optional = false
python-versions = ">=3.6"

[package.dependencies]
pyparsing = ">=2.0.2,<3.0.5 || >3.0.5"

[[package]]
name = "pluggy"
version = "1.0.0"
description = "plugin and hook calling mechanisms for python"
category = "main"
optional = false
python-versions = ">=3.6"

[package.extras]
dev = ["pre-commit", "tox"]
testing = ["pytest", "pytest-benchmark"]

[[package]]
name = "ply"
version = "3.11"
description = "Python Lex & Yacc"
category = "main"
optional = false
python-versions = "*"

[[package]]
name = "protobuf"
version = "4.21.5"
description = ""
category = "main"
optional = false
python-versions = ">=3.7"

[[package]]
name = "py"
version = "1.11.0"
description = "library with cross-python path, ini-parsing, io, code, log facilities"
category = "main"
optional = false
python-versions = ">=2.7, !=3.0.*, !=3.1.*, !=3.2.*, !=3.3.*, !=3.4.*"

[[package]]
name = "pyasn1"
version = "0.4.8"
description = "ASN.1 types and codecs"
category = "main"
optional = false
python-versions = "*"

[[package]]
name = "pyasn1-modules"
version = "0.2.8"
description = "A collection of ASN.1-based protocols modules."
category = "main"
optional = false
python-versions = "*"

[package.dependencies]
pyasn1 = ">=0.4.6,<0.5.0"

[[package]]
name = "pyparsing"
version = "3.0.9"
description = "pyparsing module - Classes and methods to define and execute parsing grammars"
category = "main"
optional = false
python-versions = ">=3.6.8"

[package.extras]
diagrams = ["railroad-diagrams", "jinja2"]

[[package]]
name = "pytest"
version = "7.1.3"
description = "pytest: simple powerful testing with Python"
category = "main"
optional = false
python-versions = ">=3.7"

[package.dependencies]
attrs = ">=19.2.0"
colorama = {version = "*", markers = "sys_platform == \"win32\""}
iniconfig = "*"
packaging = "*"
pluggy = ">=0.12,<2.0"
py = ">=1.8.2"
tomli = ">=1.0.0"

[package.extras]
testing = ["argcomplete", "hypothesis (>=3.56)", "mock", "nose", "pygments (>=2.7.2)", "requests", "xmlschema"]

[[package]]
name = "python-dateutil"
version = "2.8.2"
description = "Extensions to the standard Python datetime module"
category = "main"
optional = false
python-versions = "!=3.0.*,!=3.1.*,!=3.2.*,>=2.7"

[package.dependencies]
six = ">=1.5"

[[package]]
name = "python-magic"
version = "0.4.27"
description = "File type identification using libmagic"
category = "main"
optional = false
python-versions = ">=2.7, !=3.0.*, !=3.1.*, !=3.2.*, !=3.3.*, !=3.4.*"

[[package]]
name = "pytz"
version = "2022.2.1"
description = "World timezone definitions, modern and historical"
category = "main"
optional = false
python-versions = "*"

[[package]]
name = "requests"
version = "2.28.1"
description = "Python HTTP for Humans."
category = "main"
optional = false
python-versions = ">=3.7, <4"

[package.dependencies]
certifi = ">=2017.4.17"
charset-normalizer = ">=2,<3"
idna = ">=2.5,<4"
urllib3 = ">=1.21.1,<1.27"

[package.extras]
socks = ["PySocks (>=1.5.6,!=1.5.7)"]
use_chardet_on_py3 = ["chardet (>=3.0.2,<6)"]

[[package]]
name = "rsa"
version = "4.9"
description = "Pure-Python RSA implementation"
category = "main"
optional = false
python-versions = ">=3.6,<4"

[package.dependencies]
pyasn1 = ">=0.1.3"

[[package]]
name = "simplejson"
version = "3.17.6"
description = "Simple, fast, extensible JSON encoder/decoder for Python"
category = "main"
optional = false
python-versions = ">=2.5, !=3.0.*, !=3.1.*, !=3.2.*"

[[package]]
name = "six"
version = "1.16.0"
description = "Python 2 and 3 compatibility utilities"
category = "main"
optional = false
python-versions = ">=2.7, !=3.0.*, !=3.1.*, !=3.2.*"

[[package]]
name = "soupsieve"
version = "2.3.2.post1"
description = "A modern CSS selector implementation for Beautiful Soup."
category = "main"
optional = false
python-versions = ">=3.6"

[[package]]
name = "tomli"
version = "2.0.1"
description = "A lil' TOML parser"
category = "main"
optional = false
python-versions = ">=3.7"

[[package]]
name = "uritemplate"
version = "4.1.1"
description = "Implementation of RFC 6570 URI Templates"
category = "main"
optional = false
python-versions = ">=3.6"

[[package]]
name = "urllib3"
version = "1.26.12"
description = "HTTP library with thread-safe connection pooling, file post, and more."
category = "main"
optional = false
python-versions = ">=2.7, !=3.0.*, !=3.1.*, !=3.2.*, !=3.3.*, !=3.4.*, !=3.5.*, <4"

[package.extras]
brotli = ["brotlicffi (>=0.8.0)", "brotli (>=1.0.9)", "brotlipy (>=0.6.0)"]
secure = ["pyOpenSSL (>=0.14)", "cryptography (>=1.3.4)", "idna (>=2.0.0)", "certifi", "urllib3-secure-extra", "ipaddress"]
socks = ["PySocks (>=1.5.6,!=1.5.7,<2.0)"]

[[package]]
name = "werkzeug"
version = "2.2.2"
description = "The comprehensive WSGI web application library."
category = "main"
optional = false
python-versions = ">=3.7"

[package.dependencies]
MarkupSafe = ">=2.1.1"

[package.extras]
watchdog = ["watchdog"]

[metadata]
lock-version = "1.1"
python-versions = "3.10.7"
content-hash = "6bf0e37f2286aac99403a038358dab76a69e13d2ec2335bb680749dbf18a9f7f"

[metadata.files]
attrs = []
babel = []
beancount = [
    {file = "beancount-2.3.5-cp36-cp36m-macosx_10_14_x86_64.whl", hash = "sha256:c633fb96dedfb7b0473f1a79d49c43c90501163bee5263acc8d6b26d43161a1b"},
    {file = "beancount-2.3.5-cp36-cp36m-win_amd64.whl", hash = "sha256:4f7138db409a142583a481f23855029680284bef57fad3f2ed65c737014de834"},
    {file = "beancount-2.3.5-cp37-cp37m-macosx_10_14_x86_64.whl", hash = "sha256:09b735db1a6bf56094243c4aada6e102f0fac0a29adf3222f67a2e995ec24adb"},
    {file = "beancount-2.3.5-cp37-cp37m-win_amd64.whl", hash = "sha256:ce967f1b32b48e31eac1d669072ef788813ef7edcd62651c6247f71b4bbf891f"},
    {file = "beancount-2.3.5-cp38-cp38-macosx_10_14_x86_64.whl", hash = "sha256:3fb45bffd2ec846dba78476dde670979ff26de725d5b3fb3ea9222583aa0763b"},
    {file = "beancount-2.3.5-cp38-cp38-win_amd64.whl", hash = "sha256:14631f3599778bca51af496223d44c82983eef40e90cd60a6046bd1d01b9a66f"},
    {file = "beancount-2.3.5-cp39-cp39-macosx_10_15_x86_64.whl", hash = "sha256:66949af8cbe0035e6e08e1a66715ac210b36a7a2e7f24e59b91c163315962899"},
    {file = "beancount-2.3.5-cp39-cp39-win_amd64.whl", hash = "sha256:bf41641339ea68af5edf434bda74bd694947cb8dfd4436d7f28da0e4de6683f2"},
    {file = "beancount-2.3.5-py3.10-linux-x86_64.egg", hash = "sha256:8a7d360101ad278294d10109527ac5b2bfbb3707994ccb77b895b195e2c81415"},
    {file = "beancount-2.3.5-py3.9-linux-x86_64.egg", hash = "sha256:a2548088f44974670627af5a2c900b040a61bbfd7bc220b5834c06eaadc1abb1"},
    {file = "beancount-2.3.5.tar.gz", hash = "sha256:14e35625a2e9cbd43cae6178da08cb3f1224f6261e541ca6726df35d98e9c36a"},
]
beautifulsoup4 = [
    {file = "beautifulsoup4-4.11.1-py3-none-any.whl", hash = "sha256:58d5c3d29f5a36ffeb94f02f0d786cd53014cf9b3b3951d42e0080d8a9498d30"},
    {file = "beautifulsoup4-4.11.1.tar.gz", hash = "sha256:ad9aa55b65ef2808eb405f46cf74df7fcb7044d5cbc26487f96eb2ef2e436693"},
]
bottle = []
cachetools = [
    {file = "cachetools-5.2.0-py3-none-any.whl", hash = "sha256:f9f17d2aec496a9aa6b76f53e3b614c965223c061982d434d160f930c698a9db"},
    {file = "cachetools-5.2.0.tar.gz", hash = "sha256:6a94c6402995a99c3970cc7e4884bb60b4a8639938157eeed436098bf9831757"},
]
certifi = []
chardet = []
charset-normalizer = []
cheroot = [
    {file = "cheroot-8.6.0-py2.py3-none-any.whl", hash = "sha256:62cbced16f07e8aaf512673987cd6b1fc5ad00073345e9ed6c4e2a5cc2a3a22d"},
    {file = "cheroot-8.6.0.tar.gz", hash = "sha256:366adf6e7cac9555486c2d1be6297993022eff6f8c4655c1443268cca3f08e25"},
]
click = [
    {file = "click-8.1.3-py3-none-any.whl", hash = "sha256:bb4d8133cb15a609f44e8213d9b391b0809795062913b383c62be0ee95b1db48"},
    {file = "click-8.1.3.tar.gz", hash = "sha256:7682dc8afb30297001674575ea00d1814d808d6a36af415a82bd481d37ba7b8e"},
]
colorama = []
fava = []
flask = []
flask-babel = [
    {file = "Flask-Babel-2.0.0.tar.gz", hash = "sha256:f9faf45cdb2e1a32ea2ec14403587d4295108f35017a7821a2b1acb8cfd9257d"},
    {file = "Flask_Babel-2.0.0-py3-none-any.whl", hash = "sha256:e6820a052a8d344e178cdd36dd4bb8aea09b4bda3d5f9fa9f008df2c7f2f5468"},
]
google-api-core = []
google-api-python-client = []
google-auth = []
google-auth-httplib2 = [
    {file = "google-auth-httplib2-0.1.0.tar.gz", hash = "sha256:a07c39fd632becacd3f07718dfd6021bf396978f03ad3ce4321d060015cc30ac"},
    {file = "google_auth_httplib2-0.1.0-py2.py3-none-any.whl", hash = "sha256:31e49c36c6b5643b57e82617cb3e021e3e1d2df9da63af67252c02fa9c1f4a10"},
]
googleapis-common-protos = []
httplib2 = [
    {file = "httplib2-0.20.4-py3-none-any.whl", hash = "sha256:8b6a905cb1c79eefd03f8669fd993c36dc341f7c558f056cb5a33b5c2f458543"},
    {file = "httplib2-0.20.4.tar.gz", hash = "sha256:58a98e45b4b1a48273073f905d2961666ecf0fbac4250ea5b47aef259eb5c585"},
]
idna = [
    {file = "idna-3.3-py3-none-any.whl", hash = "sha256:84d9dd047ffa80596e0f246e2eab0b391788b0503584e8945f2368256d2735ff"},
    {file = "idna-3.3.tar.gz", hash = "sha256:9d643ff0a55b762d5cdb124b8eaa99c66322e2157b69160bc32796e824360e6d"},
]
iniconfig = [
    {file = "iniconfig-1.1.1-py2.py3-none-any.whl", hash = "sha256:011e24c64b7f47f6ebd835bb12a743f2fbe9a26d4cecaa7f53bc4f35ee9da8b3"},
    {file = "iniconfig-1.1.1.tar.gz", hash = "sha256:bc3af051d7d14b2ee5ef9969666def0cd1a000e121eaea580d4a313df4b37f32"},
]
itsdangerous = [
    {file = "itsdangerous-2.1.2-py3-none-any.whl", hash = "sha256:2c2349112351b88699d8d4b6b075022c0808887cb7ad10069318a8b0bc88db44"},
    {file = "itsdangerous-2.1.2.tar.gz", hash = "sha256:5dbbc68b317e5e42f327f9021763545dc3fc3bfe22e6deb96aaf1fc38874156a"},
]
"jaraco.functools" = []
jinja2 = [
    {file = "Jinja2-3.1.2-py3-none-any.whl", hash = "sha256:6088930bfe239f0e6710546ab9c19c9ef35e29792895fed6e6e31a023a182a61"},
    {file = "Jinja2-3.1.2.tar.gz", hash = "sha256:31351a702a408a9e7595a8fc6150fc3f43bb6bf7e319770cbc0db9df9437e852"},
]
lxml = []
markdown2 = [
    {file = "markdown2-2.4.3-py2.py3-none-any.whl", hash = "sha256:f344d4adfba5d1de821f7850b36e3507f583468a7eb47e6fa191765ed0b9c66b"},
    {file = "markdown2-2.4.3.tar.gz", hash = "sha256:412520c7b6bba540c2c2067d6be3a523ab885703bf6a81d93963f848b55dfb9a"},
]
markupsafe = [
    {file = "MarkupSafe-2.1.1-cp310-cp310-macosx_10_9_universal2.whl", hash = "sha256:86b1f75c4e7c2ac2ccdaec2b9022845dbb81880ca318bb7a0a01fbf7813e3812"},
    {file = "MarkupSafe-2.1.1-cp310-cp310-macosx_10_9_x86_64.whl", hash = "sha256:f121a1420d4e173a5d96e47e9a0c0dcff965afdf1626d28de1460815f7c4ee7a"},
    {file = "MarkupSafe-2.1.1-cp310-cp310-manylinux_2_17_aarch64.manylinux2014_aarch64.whl", hash = "sha256:a49907dd8420c5685cfa064a1335b6754b74541bbb3706c259c02ed65b644b3e"},
    {file = "MarkupSafe-2.1.1-cp310-cp310-manylinux_2_17_x86_64.manylinux2014_x86_64.whl", hash = "sha256:10c1bfff05d95783da83491be968e8fe789263689c02724e0c691933c52994f5"},
    {file = "MarkupSafe-2.1.1-cp310-cp310-manylinux_2_5_i686.manylinux1_i686.manylinux_2_17_i686.manylinux2014_i686.whl", hash = "sha256:b7bd98b796e2b6553da7225aeb61f447f80a1ca64f41d83612e6139ca5213aa4"},
    {file = "MarkupSafe-2.1.1-cp310-cp310-musllinux_1_1_aarch64.whl", hash = "sha256:b09bf97215625a311f669476f44b8b318b075847b49316d3e28c08e41a7a573f"},
    {file = "MarkupSafe-2.1.1-cp310-cp310-musllinux_1_1_i686.whl", hash = "sha256:694deca8d702d5db21ec83983ce0bb4b26a578e71fbdbd4fdcd387daa90e4d5e"},
    {file = "MarkupSafe-2.1.1-cp310-cp310-musllinux_1_1_x86_64.whl", hash = "sha256:efc1913fd2ca4f334418481c7e595c00aad186563bbc1ec76067848c7ca0a933"},
    {file = "MarkupSafe-2.1.1-cp310-cp310-win32.whl", hash = "sha256:4a33dea2b688b3190ee12bd7cfa29d39c9ed176bda40bfa11099a3ce5d3a7ac6"},
    {file = "MarkupSafe-2.1.1-cp310-cp310-win_amd64.whl", hash = "sha256:dda30ba7e87fbbb7eab1ec9f58678558fd9a6b8b853530e176eabd064da81417"},
    {file = "MarkupSafe-2.1.1-cp37-cp37m-macosx_10_9_x86_64.whl", hash = "sha256:671cd1187ed5e62818414afe79ed29da836dde67166a9fac6d435873c44fdd02"},
    {file = "MarkupSafe-2.1.1-cp37-cp37m-manylinux_2_17_aarch64.manylinux2014_aarch64.whl", hash = "sha256:3799351e2336dc91ea70b034983ee71cf2f9533cdff7c14c90ea126bfd95d65a"},
    {file = "MarkupSafe-2.1.1-cp37-cp37m-manylinux_2_17_x86_64.manylinux2014_x86_64.whl", hash = "sha256:e72591e9ecd94d7feb70c1cbd7be7b3ebea3f548870aa91e2732960fa4d57a37"},
    {file = "MarkupSafe-2.1.1-cp37-cp37m-manylinux_2_5_i686.manylinux1_i686.manylinux_2_17_i686.manylinux2014_i686.whl", hash = "sha256:6fbf47b5d3728c6aea2abb0589b5d30459e369baa772e0f37a0320185e87c980"},
    {file = "MarkupSafe-2.1.1-cp37-cp37m-musllinux_1_1_aarch64.whl", hash = "sha256:d5ee4f386140395a2c818d149221149c54849dfcfcb9f1debfe07a8b8bd63f9a"},
    {file = "MarkupSafe-2.1.1-cp37-cp37m-musllinux_1_1_i686.whl", hash = "sha256:bcb3ed405ed3222f9904899563d6fc492ff75cce56cba05e32eff40e6acbeaa3"},
    {file = "MarkupSafe-2.1.1-cp37-cp37m-musllinux_1_1_x86_64.whl", hash = "sha256:e1c0b87e09fa55a220f058d1d49d3fb8df88fbfab58558f1198e08c1e1de842a"},
    {file = "MarkupSafe-2.1.1-cp37-cp37m-win32.whl", hash = "sha256:8dc1c72a69aa7e082593c4a203dcf94ddb74bb5c8a731e4e1eb68d031e8498ff"},
    {file = "MarkupSafe-2.1.1-cp37-cp37m-win_amd64.whl", hash = "sha256:97a68e6ada378df82bc9f16b800ab77cbf4b2fada0081794318520138c088e4a"},
    {file = "MarkupSafe-2.1.1-cp38-cp38-macosx_10_9_universal2.whl", hash = "sha256:e8c843bbcda3a2f1e3c2ab25913c80a3c5376cd00c6e8c4a86a89a28c8dc5452"},
    {file = "MarkupSafe-2.1.1-cp38-cp38-macosx_10_9_x86_64.whl", hash = "sha256:0212a68688482dc52b2d45013df70d169f542b7394fc744c02a57374a4207003"},
    {file = "MarkupSafe-2.1.1-cp38-cp38-manylinux_2_17_aarch64.manylinux2014_aarch64.whl", hash = "sha256:8e576a51ad59e4bfaac456023a78f6b5e6e7651dcd383bcc3e18d06f9b55d6d1"},
    {file = "MarkupSafe-2.1.1-cp38-cp38-manylinux_2_17_x86_64.manylinux2014_x86_64.whl", hash = "sha256:4b9fe39a2ccc108a4accc2676e77da025ce383c108593d65cc909add5c3bd601"},
    {file = "MarkupSafe-2.1.1-cp38-cp38-manylinux_2_5_i686.manylinux1_i686.manylinux_2_17_i686.manylinux2014_i686.whl", hash = "sha256:96e37a3dc86e80bf81758c152fe66dbf60ed5eca3d26305edf01892257049925"},
    {file = "MarkupSafe-2.1.1-cp38-cp38-musllinux_1_1_aarch64.whl", hash = "sha256:6d0072fea50feec76a4c418096652f2c3238eaa014b2f94aeb1d56a66b41403f"},
    {file = "MarkupSafe-2.1.1-cp38-cp38-musllinux_1_1_i686.whl", hash = "sha256:089cf3dbf0cd6c100f02945abeb18484bd1ee57a079aefd52cffd17fba910b88"},
    {file = "MarkupSafe-2.1.1-cp38-cp38-musllinux_1_1_x86_64.whl", hash = "sha256:6a074d34ee7a5ce3effbc526b7083ec9731bb3cbf921bbe1d3005d4d2bdb3a63"},
    {file = "MarkupSafe-2.1.1-cp38-cp38-win32.whl", hash = "sha256:421be9fbf0ffe9ffd7a378aafebbf6f4602d564d34be190fc19a193232fd12b1"},
    {file = "MarkupSafe-2.1.1-cp38-cp38-win_amd64.whl", hash = "sha256:fc7b548b17d238737688817ab67deebb30e8073c95749d55538ed473130ec0c7"},
    {file = "MarkupSafe-2.1.1-cp39-cp39-macosx_10_9_universal2.whl", hash = "sha256:e04e26803c9c3851c931eac40c695602c6295b8d432cbe78609649ad9bd2da8a"},
    {file = "MarkupSafe-2.1.1-cp39-cp39-macosx_10_9_x86_64.whl", hash = "sha256:b87db4360013327109564f0e591bd2a3b318547bcef31b468a92ee504d07ae4f"},
    {file = "MarkupSafe-2.1.1-cp39-cp39-manylinux_2_17_aarch64.manylinux2014_aarch64.whl", hash = "sha256:99a2a507ed3ac881b975a2976d59f38c19386d128e7a9a18b7df6fff1fd4c1d6"},
    {file = "MarkupSafe-2.1.1-cp39-cp39-manylinux_2_17_x86_64.manylinux2014_x86_64.whl", hash = "sha256:56442863ed2b06d19c37f94d999035e15ee982988920e12a5b4ba29b62ad1f77"},
    {file = "MarkupSafe-2.1.1-cp39-cp39-manylinux_2_5_i686.manylinux1_i686.manylinux_2_17_i686.manylinux2014_i686.whl", hash = "sha256:3ce11ee3f23f79dbd06fb3d63e2f6af7b12db1d46932fe7bd8afa259a5996603"},
    {file = "MarkupSafe-2.1.1-cp39-cp39-musllinux_1_1_aarch64.whl", hash = "sha256:33b74d289bd2f5e527beadcaa3f401e0df0a89927c1559c8566c066fa4248ab7"},
    {file = "MarkupSafe-2.1.1-cp39-cp39-musllinux_1_1_i686.whl", hash = "sha256:43093fb83d8343aac0b1baa75516da6092f58f41200907ef92448ecab8825135"},
    {file = "MarkupSafe-2.1.1-cp39-cp39-musllinux_1_1_x86_64.whl", hash = "sha256:8e3dcf21f367459434c18e71b2a9532d96547aef8a871872a5bd69a715c15f96"},
    {file = "MarkupSafe-2.1.1-cp39-cp39-win32.whl", hash = "sha256:d4306c36ca495956b6d568d276ac11fdd9c30a36f1b6eb928070dc5360b22e1c"},
    {file = "MarkupSafe-2.1.1-cp39-cp39-win_amd64.whl", hash = "sha256:46d00d6cfecdde84d40e572d63735ef81423ad31184100411e6e3388d405e247"},
    {file = "MarkupSafe-2.1.1.tar.gz", hash = "sha256:7f91197cc9e48f989d12e4e6fbc46495c446636dfc81b9ccf50bb0ec74b91d4b"},
]
more-itertools = []
packaging = [
    {file = "packaging-21.3-py3-none-any.whl", hash = "sha256:ef103e05f519cdc783ae24ea4e2e0f508a9c99b2d4969652eed6a2e1ea5bd522"},
    {file = "packaging-21.3.tar.gz", hash = "sha256:dd47c42927d89ab911e606518907cc2d3a1f38bbd026385970643f9c5b8ecfeb"},
]
pluggy = [
    {file = "pluggy-1.0.0-py2.py3-none-any.whl", hash = "sha256:74134bbf457f031a36d68416e1509f34bd5ccc019f0bcc952c7b909d06b37bd3"},
    {file = "pluggy-1.0.0.tar.gz", hash = "sha256:4224373bacce55f955a878bf9cfa763c1e360858e330072059e10bad68531159"},
]
ply = [
    {file = "ply-3.11-py2.py3-none-any.whl", hash = "sha256:096f9b8350b65ebd2fd1346b12452efe5b9607f7482813ffca50c22722a807ce"},
    {file = "ply-3.11.tar.gz", hash = "sha256:00c7c1aaa88358b9c765b6d3000c6eec0ba42abca5351b095321aef446081da3"},
]
protobuf = []
py = [
    {file = "py-1.11.0-py2.py3-none-any.whl", hash = "sha256:607c53218732647dff4acdfcd50cb62615cedf612e72d1724fb1a0cc6405b378"},
    {file = "py-1.11.0.tar.gz", hash = "sha256:51c75c4126074b472f746a24399ad32f6053d1b34b68d2fa41e558e6f4a98719"},
]
pyasn1 = [
    {file = "pyasn1-0.4.8-py2.4.egg", hash = "sha256:fec3e9d8e36808a28efb59b489e4528c10ad0f480e57dcc32b4de5c9d8c9fdf3"},
    {file = "pyasn1-0.4.8-py2.5.egg", hash = "sha256:0458773cfe65b153891ac249bcf1b5f8f320b7c2ce462151f8fa74de8934becf"},
    {file = "pyasn1-0.4.8-py2.6.egg", hash = "sha256:5c9414dcfede6e441f7e8f81b43b34e834731003427e5b09e4e00e3172a10f00"},
    {file = "pyasn1-0.4.8-py2.7.egg", hash = "sha256:6e7545f1a61025a4e58bb336952c5061697da694db1cae97b116e9c46abcf7c8"},
    {file = "pyasn1-0.4.8-py2.py3-none-any.whl", hash = "sha256:39c7e2ec30515947ff4e87fb6f456dfc6e84857d34be479c9d4a4ba4bf46aa5d"},
    {file = "pyasn1-0.4.8-py3.1.egg", hash = "sha256:78fa6da68ed2727915c4767bb386ab32cdba863caa7dbe473eaae45f9959da86"},
    {file = "pyasn1-0.4.8-py3.2.egg", hash = "sha256:08c3c53b75eaa48d71cf8c710312316392ed40899cb34710d092e96745a358b7"},
    {file = "pyasn1-0.4.8-py3.3.egg", hash = "sha256:03840c999ba71680a131cfaee6fab142e1ed9bbd9c693e285cc6aca0d555e576"},
    {file = "pyasn1-0.4.8-py3.4.egg", hash = "sha256:7ab8a544af125fb704feadb008c99a88805126fb525280b2270bb25cc1d78a12"},
    {file = "pyasn1-0.4.8-py3.5.egg", hash = "sha256:e89bf84b5437b532b0803ba5c9a5e054d21fec423a89952a74f87fa2c9b7bce2"},
    {file = "pyasn1-0.4.8-py3.6.egg", hash = "sha256:014c0e9976956a08139dc0712ae195324a75e142284d5f87f1a87ee1b068a359"},
    {file = "pyasn1-0.4.8-py3.7.egg", hash = "sha256:99fcc3c8d804d1bc6d9a099921e39d827026409a58f2a720dcdb89374ea0c776"},
    {file = "pyasn1-0.4.8.tar.gz", hash = "sha256:aef77c9fb94a3ac588e87841208bdec464471d9871bd5050a287cc9a475cd0ba"},
]
pyasn1-modules = [
    {file = "pyasn1-modules-0.2.8.tar.gz", hash = "sha256:905f84c712230b2c592c19470d3ca8d552de726050d1d1716282a1f6146be65e"},
    {file = "pyasn1_modules-0.2.8-py2.4.egg", hash = "sha256:0fe1b68d1e486a1ed5473f1302bd991c1611d319bba158e98b106ff86e1d7199"},
    {file = "pyasn1_modules-0.2.8-py2.5.egg", hash = "sha256:fe0644d9ab041506b62782e92b06b8c68cca799e1a9636ec398675459e031405"},
    {file = "pyasn1_modules-0.2.8-py2.6.egg", hash = "sha256:a99324196732f53093a84c4369c996713eb8c89d360a496b599fb1a9c47fc3eb"},
    {file = "pyasn1_modules-0.2.8-py2.7.egg", hash = "sha256:0845a5582f6a02bb3e1bde9ecfc4bfcae6ec3210dd270522fee602365430c3f8"},
    {file = "pyasn1_modules-0.2.8-py2.py3-none-any.whl", hash = "sha256:a50b808ffeb97cb3601dd25981f6b016cbb3d31fbf57a8b8a87428e6158d0c74"},
    {file = "pyasn1_modules-0.2.8-py3.1.egg", hash = "sha256:f39edd8c4ecaa4556e989147ebf219227e2cd2e8a43c7e7fcb1f1c18c5fd6a3d"},
    {file = "pyasn1_modules-0.2.8-py3.2.egg", hash = "sha256:b80486a6c77252ea3a3e9b1e360bc9cf28eaac41263d173c032581ad2f20fe45"},
    {file = "pyasn1_modules-0.2.8-py3.3.egg", hash = "sha256:65cebbaffc913f4fe9e4808735c95ea22d7a7775646ab690518c056784bc21b4"},
    {file = "pyasn1_modules-0.2.8-py3.4.egg", hash = "sha256:15b7c67fabc7fc240d87fb9aabf999cf82311a6d6fb2c70d00d3d0604878c811"},
    {file = "pyasn1_modules-0.2.8-py3.5.egg", hash = "sha256:426edb7a5e8879f1ec54a1864f16b882c2837bfd06eee62f2c982315ee2473ed"},
    {file = "pyasn1_modules-0.2.8-py3.6.egg", hash = "sha256:cbac4bc38d117f2a49aeedec4407d23e8866ea4ac27ff2cf7fb3e5b570df19e0"},
    {file = "pyasn1_modules-0.2.8-py3.7.egg", hash = "sha256:c29a5e5cc7a3f05926aff34e097e84f8589cd790ce0ed41b67aed6857b26aafd"},
]
pyparsing = [
    {file = "pyparsing-3.0.9-py3-none-any.whl", hash = "sha256:5026bae9a10eeaefb61dab2f09052b9f4307d44aee4eda64b309723d8d206bbc"},
    {file = "pyparsing-3.0.9.tar.gz", hash = "sha256:2b020ecf7d21b687f219b71ecad3631f644a47f01403fa1d1036b0c6416d70fb"},
]
pytest = []
python-dateutil = [
    {file = "python-dateutil-2.8.2.tar.gz", hash = "sha256:0123cacc1627ae19ddf3c27a5de5bd67ee4586fbdd6440d9748f8abb483d3e86"},
    {file = "python_dateutil-2.8.2-py2.py3-none-any.whl", hash = "sha256:961d03dc3453ebbc59dbdea9e4e11c5651520a876d0f4db161e8674aae935da9"},
]
python-magic = [
    {file = "python-magic-0.4.27.tar.gz", hash = "sha256:c1ba14b08e4a5f5c31a302b7721239695b2f0f058d125bd5ce1ee36b9d9d3c3b"},
    {file = "python_magic-0.4.27-py2.py3-none-any.whl", hash = "sha256:c212960ad306f700aa0d01e5d7a325d20548ff97eb9920dcd29513174f0294d3"},
]
pytz = []
requests = []
rsa = []
simplejson = [
    {file = "simplejson-3.17.6-cp27-cp27m-macosx_10_9_x86_64.whl", hash = "sha256:a89acae02b2975b1f8e4974cb8cdf9bf9f6c91162fb8dec50c259ce700f2770a"},
    {file = "simplejson-3.17.6-cp27-cp27m-manylinux1_i686.whl", hash = "sha256:82ff356ff91be0ab2293fc6d8d262451eb6ac4fd999244c4b5f863e049ba219c"},
    {file = "simplejson-3.17.6-cp27-cp27m-manylinux1_x86_64.whl", hash = "sha256:0de783e9c2b87bdd75b57efa2b6260c24b94605b5c9843517577d40ee0c3cc8a"},
    {file = "simplejson-3.17.6-cp27-cp27m-manylinux2010_i686.whl", hash = "sha256:d24a9e61df7a7787b338a58abfba975414937b609eb6b18973e25f573bc0eeeb"},
    {file = "simplejson-3.17.6-cp27-cp27m-manylinux2010_x86_64.whl", hash = "sha256:e8603e691580487f11306ecb066c76f1f4a8b54fb3bdb23fa40643a059509366"},
    {file = "simplejson-3.17.6-cp27-cp27mu-manylinux1_i686.whl", hash = "sha256:9b01e7b00654115965a206e3015f0166674ec1e575198a62a977355597c0bef5"},
    {file = "simplejson-3.17.6-cp27-cp27mu-manylinux1_x86_64.whl", hash = "sha256:37bc0cf0e5599f36072077e56e248f3336917ded1d33d2688624d8ed3cefd7d2"},
    {file = "simplejson-3.17.6-cp27-cp27mu-manylinux2010_i686.whl", hash = "sha256:cf6e7d5fe2aeb54898df18db1baf479863eae581cce05410f61f6b4188c8ada1"},
    {file = "simplejson-3.17.6-cp27-cp27mu-manylinux2010_x86_64.whl", hash = "sha256:bdfc54b4468ed4cd7415928cbe782f4d782722a81aeb0f81e2ddca9932632211"},
    {file = "simplejson-3.17.6-cp310-cp310-macosx_10_9_universal2.whl", hash = "sha256:dd16302d39c4d6f4afde80edd0c97d4db643327d355a312762ccd9bd2ca515ed"},
    {file = "simplejson-3.17.6-cp310-cp310-macosx_10_9_x86_64.whl", hash = "sha256:deac4bdafa19bbb89edfb73b19f7f69a52d0b5bd3bb0c4ad404c1bbfd7b4b7fd"},
    {file = "simplejson-3.17.6-cp310-cp310-macosx_11_0_arm64.whl", hash = "sha256:a8bbdb166e2fb816e43ab034c865147edafe28e1b19c72433147789ac83e2dda"},
    {file = "simplejson-3.17.6-cp310-cp310-manylinux_2_17_aarch64.manylinux2014_aarch64.whl", hash = "sha256:a7854326920d41c3b5d468154318fe6ba4390cb2410480976787c640707e0180"},
    {file = "simplejson-3.17.6-cp310-cp310-manylinux_2_5_i686.manylinux1_i686.manylinux_2_12_i686.manylinux2010_i686.whl", hash = "sha256:04e31fa6ac8e326480703fb6ded1488bfa6f1d3f760d32e29dbf66d0838982ce"},
    {file = "simplejson-3.17.6-cp310-cp310-manylinux_2_5_x86_64.manylinux1_x86_64.manylinux_2_12_x86_64.manylinux2010_x86_64.whl", hash = "sha256:f63600ec06982cdf480899026f4fda622776f5fabed9a869fdb32d72bc17e99a"},
    {file = "simplejson-3.17.6-cp310-cp310-musllinux_1_1_aarch64.whl", hash = "sha256:e03c3b8cc7883a54c3f34a6a135c4a17bc9088a33f36796acdb47162791b02f6"},
    {file = "simplejson-3.17.6-cp310-cp310-musllinux_1_1_i686.whl", hash = "sha256:a2d30d6c1652140181dc6861f564449ad71a45e4f165a6868c27d36745b65d40"},
    {file = "simplejson-3.17.6-cp310-cp310-musllinux_1_1_x86_64.whl", hash = "sha256:a1aa6e4cae8e3b8d5321be4f51c5ce77188faf7baa9fe1e78611f93a8eed2882"},
    {file = "simplejson-3.17.6-cp310-cp310-win32.whl", hash = "sha256:97202f939c3ff341fc3fa84d15db86156b1edc669424ba20b0a1fcd4a796a045"},
    {file = "simplejson-3.17.6-cp310-cp310-win_amd64.whl", hash = "sha256:80d3bc9944be1d73e5b1726c3bbfd2628d3d7fe2880711b1eb90b617b9b8ac70"},
    {file = "simplejson-3.17.6-cp36-cp36m-macosx_10_9_x86_64.whl", hash = "sha256:9fa621b3c0c05d965882c920347b6593751b7ab20d8fa81e426f1735ca1a9fc7"},
    {file = "simplejson-3.17.6-cp36-cp36m-manylinux_2_17_aarch64.manylinux2014_aarch64.whl", hash = "sha256:dd2fb11922f58df8528adfca123f6a84748ad17d066007e7ac977720063556bd"},
    {file = "simplejson-3.17.6-cp36-cp36m-manylinux_2_5_i686.manylinux1_i686.manylinux_2_12_i686.manylinux2010_i686.whl", hash = "sha256:724c1fe135aa437d5126138d977004d165a3b5e2ee98fc4eb3e7c0ef645e7e27"},
    {file = "simplejson-3.17.6-cp36-cp36m-manylinux_2_5_x86_64.manylinux1_x86_64.manylinux_2_12_x86_64.manylinux2010_x86_64.whl", hash = "sha256:4ff4ac6ff3aa8f814ac0f50bf218a2e1a434a17aafad4f0400a57a8cc62ef17f"},
    {file = "simplejson-3.17.6-cp36-cp36m-musllinux_1_1_aarch64.whl", hash = "sha256:67093a526e42981fdd954868062e56c9b67fdd7e712616cc3265ad0c210ecb51"},
    {file = "simplejson-3.17.6-cp36-cp36m-musllinux_1_1_i686.whl", hash = "sha256:5d6b4af7ad7e4ac515bc6e602e7b79e2204e25dbd10ab3aa2beef3c5a9cad2c7"},
    {file = "simplejson-3.17.6-cp36-cp36m-musllinux_1_1_x86_64.whl", hash = "sha256:1c9b1ed7ed282b36571638297525f8ef80f34b3e2d600a56f962c6044f24200d"},
    {file = "simplejson-3.17.6-cp36-cp36m-win32.whl", hash = "sha256:632ecbbd2228575e6860c9e49ea3cc5423764d5aa70b92acc4e74096fb434044"},
    {file = "simplejson-3.17.6-cp36-cp36m-win_amd64.whl", hash = "sha256:4c09868ddb86bf79b1feb4e3e7e4a35cd6e61ddb3452b54e20cf296313622566"},
    {file = "simplejson-3.17.6-cp37-cp37m-macosx_10_9_x86_64.whl", hash = "sha256:4b6bd8144f15a491c662f06814bd8eaa54b17f26095bb775411f39bacaf66837"},
    {file = "simplejson-3.17.6-cp37-cp37m-manylinux_2_17_aarch64.manylinux2014_aarch64.whl", hash = "sha256:5decdc78849617917c206b01e9fc1d694fd58caa961be816cb37d3150d613d9a"},
    {file = "simplejson-3.17.6-cp37-cp37m-manylinux_2_5_i686.manylinux1_i686.manylinux_2_12_i686.manylinux2010_i686.whl", hash = "sha256:521877c7bd060470806eb6335926e27453d740ac1958eaf0d8c00911bc5e1802"},
    {file = "simplejson-3.17.6-cp37-cp37m-manylinux_2_5_x86_64.manylinux1_x86_64.manylinux_2_12_x86_64.manylinux2010_x86_64.whl", hash = "sha256:65b998193bd7b0c7ecdfffbc825d808eac66279313cb67d8892bb259c9d91494"},
    {file = "simplejson-3.17.6-cp37-cp37m-musllinux_1_1_aarch64.whl", hash = "sha256:ac786f6cb7aa10d44e9641c7a7d16d7f6e095b138795cd43503769d4154e0dc2"},
    {file = "simplejson-3.17.6-cp37-cp37m-musllinux_1_1_i686.whl", hash = "sha256:3ff5b3464e1ce86a8de8c88e61d4836927d5595c2162cab22e96ff551b916e81"},
    {file = "simplejson-3.17.6-cp37-cp37m-musllinux_1_1_x86_64.whl", hash = "sha256:69bd56b1d257a91e763256d63606937ae4eb890b18a789b66951c00062afec33"},
    {file = "simplejson-3.17.6-cp37-cp37m-win32.whl", hash = "sha256:b81076552d34c27e5149a40187a8f7e2abb2d3185576a317aaf14aeeedad862a"},
    {file = "simplejson-3.17.6-cp37-cp37m-win_amd64.whl", hash = "sha256:07ecaafc1b1501f275bf5acdee34a4ad33c7c24ede287183ea77a02dc071e0c0"},
    {file = "simplejson-3.17.6-cp38-cp38-macosx_10_9_universal2.whl", hash = "sha256:068670af975247acbb9fc3d5393293368cda17026db467bf7a51548ee8f17ee1"},
    {file = "simplejson-3.17.6-cp38-cp38-macosx_10_9_x86_64.whl", hash = "sha256:4d1c135af0c72cb28dd259cf7ba218338f4dc027061262e46fe058b4e6a4c6a3"},
    {file = "simplejson-3.17.6-cp38-cp38-macosx_11_0_arm64.whl", hash = "sha256:23fe704da910ff45e72543cbba152821685a889cf00fc58d5c8ee96a9bad5f94"},
    {file = "simplejson-3.17.6-cp38-cp38-manylinux_2_17_aarch64.manylinux2014_aarch64.whl", hash = "sha256:f444762fed1bc1fd75187ef14a20ed900c1fbb245d45be9e834b822a0223bc81"},
    {file = "simplejson-3.17.6-cp38-cp38-manylinux_2_5_i686.manylinux1_i686.manylinux_2_12_i686.manylinux2010_i686.whl", hash = "sha256:681eb4d37c9a9a6eb9b3245a5e89d7f7b2b9895590bb08a20aa598c1eb0a1d9d"},
    {file = "simplejson-3.17.6-cp38-cp38-manylinux_2_5_x86_64.manylinux1_x86_64.manylinux_2_12_x86_64.manylinux2010_x86_64.whl", hash = "sha256:8e8607d8f6b4f9d46fee11447e334d6ab50e993dd4dbfb22f674616ce20907ab"},
    {file = "simplejson-3.17.6-cp38-cp38-musllinux_1_1_aarch64.whl", hash = "sha256:b10556817f09d46d420edd982dd0653940b90151d0576f09143a8e773459f6fe"},
    {file = "simplejson-3.17.6-cp38-cp38-musllinux_1_1_i686.whl", hash = "sha256:e1ec8a9ee0987d4524ffd6299e778c16cc35fef6d1a2764e609f90962f0b293a"},
    {file = "simplejson-3.17.6-cp38-cp38-musllinux_1_1_x86_64.whl", hash = "sha256:0b4126cac7d69ac06ff22efd3e0b3328a4a70624fcd6bca4fc1b4e6d9e2e12bf"},
    {file = "simplejson-3.17.6-cp38-cp38-win32.whl", hash = "sha256:35a49ebef25f1ebdef54262e54ae80904d8692367a9f208cdfbc38dbf649e00a"},
    {file = "simplejson-3.17.6-cp38-cp38-win_amd64.whl", hash = "sha256:743cd768affaa508a21499f4858c5b824ffa2e1394ed94eb85caf47ac0732198"},
    {file = "simplejson-3.17.6-cp39-cp39-macosx_10_9_universal2.whl", hash = "sha256:fb62d517a516128bacf08cb6a86ecd39fb06d08e7c4980251f5d5601d29989ba"},
    {file = "simplejson-3.17.6-cp39-cp39-macosx_10_9_x86_64.whl", hash = "sha256:12133863178a8080a3dccbf5cb2edfab0001bc41e5d6d2446af2a1131105adfe"},
    {file = "simplejson-3.17.6-cp39-cp39-macosx_11_0_arm64.whl", hash = "sha256:5540fba2d437edaf4aa4fbb80f43f42a8334206ad1ad3b27aef577fd989f20d9"},
    {file = "simplejson-3.17.6-cp39-cp39-manylinux_2_17_aarch64.manylinux2014_aarch64.whl", hash = "sha256:d74ee72b5071818a1a5dab47338e87f08a738cb938a3b0653b9e4d959ddd1fd9"},
    {file = "simplejson-3.17.6-cp39-cp39-manylinux_2_5_i686.manylinux1_i686.manylinux_2_12_i686.manylinux2010_i686.whl", hash = "sha256:28221620f4dcabdeac310846629b976e599a13f59abb21616356a85231ebd6ad"},
    {file = "simplejson-3.17.6-cp39-cp39-manylinux_2_5_x86_64.manylinux1_x86_64.manylinux_2_12_x86_64.manylinux2010_x86_64.whl", hash = "sha256:b09bc62e5193e31d7f9876220fb429ec13a6a181a24d897b9edfbbdbcd678851"},
    {file = "simplejson-3.17.6-cp39-cp39-musllinux_1_1_aarch64.whl", hash = "sha256:7255a37ff50593c9b2f1afa8fafd6ef5763213c1ed5a9e2c6f5b9cc925ab979f"},
    {file = "simplejson-3.17.6-cp39-cp39-musllinux_1_1_i686.whl", hash = "sha256:401d40969cee3df7bda211e57b903a534561b77a7ade0dd622a8d1a31eaa8ba7"},
    {file = "simplejson-3.17.6-cp39-cp39-musllinux_1_1_x86_64.whl", hash = "sha256:a649d0f66029c7eb67042b15374bd93a26aae202591d9afd71e111dd0006b198"},
    {file = "simplejson-3.17.6-cp39-cp39-win32.whl", hash = "sha256:522fad7be85de57430d6d287c4b635813932946ebf41b913fe7e880d154ade2e"},
    {file = "simplejson-3.17.6-cp39-cp39-win_amd64.whl", hash = "sha256:3fe87570168b2ae018391e2b43fbf66e8593a86feccb4b0500d134c998983ccc"},
    {file = "simplejson-3.17.6.tar.gz", hash = "sha256:cf98038d2abf63a1ada5730e91e84c642ba6c225b0198c3684151b1f80c5f8a6"},
]
six = [
    {file = "six-1.16.0-py2.py3-none-any.whl", hash = "sha256:8abb2f1d86890a2dfb989f9a77cfcfd3e47c2a354b01111771326f8aa26e0254"},
    {file = "six-1.16.0.tar.gz", hash = "sha256:1e61c37477a1626458e36f7b1d82aa5c9b094fa4802892072e49de9c60c4c926"},
]
soupsieve = [
    {file = "soupsieve-2.3.2.post1-py3-none-any.whl", hash = "sha256:3b2503d3c7084a42b1ebd08116e5f81aadfaea95863628c80a3b774a11b7c759"},
    {file = "soupsieve-2.3.2.post1.tar.gz", hash = "sha256:fc53893b3da2c33de295667a0e19f078c14bf86544af307354de5fcf12a3f30d"},
]
tomli = [
    {file = "tomli-2.0.1-py3-none-any.whl", hash = "sha256:939de3e7a6161af0c887ef91b7d41a53e7c5a1ca976325f429cb46ea9bc30ecc"},
    {file = "tomli-2.0.1.tar.gz", hash = "sha256:de526c12914f0c550d15924c62d72abc48d6fe7364aa87328337a31007fe8a4f"},
]
uritemplate = [
    {file = "uritemplate-4.1.1-py2.py3-none-any.whl", hash = "sha256:830c08b8d99bdd312ea4ead05994a38e8936266f84b9a7878232db50b044e02e"},
    {file = "uritemplate-4.1.1.tar.gz", hash = "sha256:4346edfc5c3b79f694bccd6d6099a322bbeb628dbf2cd86eea55a456ce5124f0"},
]
urllib3 = []
werkzeug = []
